
Microsoft Visual Studio Solution File, Format Version 12.00
# Visual Studio 15
VisualStudioVersion = 15.0.27703.2042
MinimumVisualStudioVersion = 10.0.40219.1
Project("{FAE04EC0-301F-11D3-BF4B-00C04F79EFBC}") = "hris", "hris\hris.csproj", "{548B3698-2ACA-4DE5-A1E3-850DD3313A66}"
EndProject
Global
	GlobalSection(SolutionConfigurationPlatforms) = preSolution
		Debug|Any CPU = Debug|Any CPU
		Release|Any CPU = Release|Any CPU
	EndGlobalSection
	GlobalSection(ProjectConfigurationPlatforms) = postSolution
		{548B3698-2ACA-4DE5-A1E3-850DD3313A66}.Debug|Any CPU.ActiveCfg = Debug|Any CPU
		{548B3698-2ACA-4DE5-A1E3-850DD3313A66}.Debug|Any CPU.Build.0 = Debug|Any CPU
		{548B3698-2ACA-4DE5-A1E3-850DD3313A66}.Release|Any CPU.ActiveCfg = Release|Any CPU
		{548B3698-2ACA-4DE5-A1E3-850DD3313A66}.Release|Any CPU.Build.0 = Release|Any CPU
	EndGlobalSection
	GlobalSection(SolutionProperties) = preSolution
		HideSolutionNode = FALSE
	EndGlobalSection
	GlobalSection(ExtensibilityGlobals) = postSolution
		SolutionGuid = {9E209A56-BCF2-40D9-9F34-20DAADDEFADC}
	EndGlobalSection
EndGlobal
